PODS:
  - CocoaAsyncSocket (7.6.5)
  - Starscream (4.0.4)

DEPENDENCIES:
  - CocoaAsyncSocket
  - Starscream (= 4.0.4)

SPEC REPOS:
  trunk:
    - CocoaAsyncSocket
    - Starscream

SPEC CHECKSUMS:
  CocoaAsyncSocket: 065fd1e645c7abab64f7a6a2007a48038fdc6a99
  Starscream: 5178aed56b316f13fa3bc55694e583d35dd414d9

PODFILE CHECKSUM: 6fbc41e85d717a162952c4432c81cea03211b49a

COCOAPODS: 1.11.2
